
Microsoft Visual Studio Solution File, Format Version 12.00
# Visual Studio 15
VisualStudioVersion = 15.0.27703.2000
MinimumVisualStudioVersion = 10.0.40219.1
Project("{FAE04EC0-301F-11D3-BF4B-00C04F79EFBC}") = "HashTablePersistence", "HashTablePersistence\HashTablePersistence.csproj", "{680EFE74-E108-4DB5-B175-EA4DC56C7B99}"
EndProject
Global
	GlobalSection(SolutionConfigurationPlatforms) = preSolution
		Debug|Any CPU = Debug|Any CPU
		Release|Any CPU = Release|Any CPU
	EndGlobalSection
	GlobalSection(ProjectConfigurationPlatforms) = postSolution
		{680EFE74-E108-4DB5-B175-EA4DC56C7B99}.Debug|Any CPU.ActiveCfg = Debug|Any CPU
		{680EFE74-E108-4DB5-B175-EA4DC56C7B99}.Debug|Any CPU.Build.0 = Debug|Any CPU
		{680EFE74-E108-4DB5-B175-EA4DC56C7B99}.Release|Any CPU.ActiveCfg = Release|Any CPU
		{680EFE74-E108-4DB5-B175-EA4DC56C7B99}.Release|Any CPU.Build.0 = Release|Any CPU
	EndGlobalSection
	GlobalSection(SolutionProperties) = preSolution
		HideSolutionNode = FALSE
	EndGlobalSection
	GlobalSection(ExtensibilityGlobals) = postSolution
		SolutionGuid = {B2F44492-84D7-4852-88FA-192CD0587592}
	EndGlobalSection
EndGlobal
